
Microsoft Visual Studio Solution File, Format Version 12.00
# Visual Studio 15
VisualStudioVersion = 15.0.26124.0
MinimumVisualStudioVersion = 15.0.26124.0
Project("{FAE04EC0-301F-11D3-BF4B-00C04F79EFBC}") = "WarfaceRichPresence", "src\WarfaceRichPresence\WarfaceRichPresence.csproj", "{BA432135-24A3-4203-AD15-734547DCBD92}"
EndProject
Global
	GlobalSection(SolutionConfigurationPlatforms) = preSolution
		Debug|Any CPU = Debug|Any CPU
		Release|Any CPU = Release|Any CPU
	EndGlobalSection
	GlobalSection(ProjectConfigurationPlatforms) = postSolution
		{BA432135-24A3-4203-AD15-734547DCBD92}.Debug|Any CPU.ActiveCfg = Debug|Any CPU
		{BA432135-24A3-4203-AD15-734547DCBD92}.Debug|Any CPU.Build.0 = Debug|Any CPU
		{BA432135-24A3-4203-AD15-734547DCBD92}.Release|Any CPU.ActiveCfg = Release|Any CPU
		{BA432135-24A3-4203-AD15-734547DCBD92}.Release|Any CPU.Build.0 = Release|Any CPU
	EndGlobalSection
	GlobalSection(SolutionProperties) = preSolution
		HideSolutionNode = FALSE
	EndGlobalSection
	GlobalSection(ExtensibilityGlobals) = postSolution
		SolutionGuid = {4DC092DD-08C1-49CC-A254-24E62B193A09}
	EndGlobalSection
EndGlobal
